// !$*UTF8*$!
{
	archiveVersion = 1;
	classes = {
	};
	objectVersion = 46;
	objects = {

/* Begin PBXBuildFile section */
		52013BE31906CF2700193836 /* NSString+GZStrings.m in Sources */ = {isa = PBXBuildFile; fileRef = 52013BE21906CF2700193836 /* NSString+GZStrings.m */; };
		52013BE41906CF2700193836 /* NSString+GZStrings.m in Sources */ = {isa = PBXBuildFile; fileRef = 52013BE21906CF2700193836 /* NSString+GZStrings.m */; };
		52013BE71906CF3700193836 /* UIImage+GZImages.m in Sources */ = {isa = PBXBuildFile; fileRef = 52013BE61906CF3700193836 /* UIImage+GZImages.m */; };
		52013BEB1906D2EE00193836 /* GZConstants.m in Sources */ = {isa = PBXBuildFile; fileRef = 52013BEA1906D2EE00193836 /* GZConstants.m */; };
		52013BEC1906D2EE00193836 /* GZConstants.m in Sources */ = {isa = PBXBuildFile; fileRef = 52013BEA1906D2EE00193836 /* GZConstants.m */; };
		52013BEF1906D40200193836 /* GZDataManager+GZPrivateDataRequests.m in Sources */ = {isa = PBXBuildFile; fileRef = 52013BEE1906D40200193836 /* GZDataManager+GZPrivateDataRequests.m */; };
		52013BF01906D40200193836 /* GZDataManager+GZPrivateDataRequests.m in Sources */ = {isa = PBXBuildFile; fileRef = 52013BEE1906D40200193836 /* GZDataManager+GZPrivateDataRequests.m */; };
		52013BFB1906D74F00193836 /* GZNames.m in Sources */ = {isa = PBXBuildFile; fileRef = 52013BF21906D74F00193836 /* GZNames.m */; };
		52013BFC1906D74F00193836 /* GZNames.m in Sources */ = {isa = PBXBuildFile; fileRef = 52013BF21906D74F00193836 /* GZNames.m */; };
		52013BFD1906D74F00193836 /* GZLocations.m in Sources */ = {isa = PBXBuildFile; fileRef = 52013BF41906D74F00193836 /* GZLocations.m */; };
		52013BFE1906D74F00193836 /* GZLocations.m in Sources */ = {isa = PBXBuildFile; fileRef = 52013BF41906D74F00193836 /* GZLocations.m */; };
		52013BFF1906D74F00193836 /* GZInternet.m in Sources */ = {isa = PBXBuildFile; fileRef = 52013BF61906D74F00193836 /* GZInternet.m */; };
		52013C001906D74F00193836 /* GZInternet.m in Sources */ = {isa = PBXBuildFile; fileRef = 52013BF61906D74F00193836 /* GZInternet.m */; };
		52013C011906D74F00193836 /* GZWords.m in Sources */ = {isa = PBXBuildFile; fileRef = 52013BF81906D74F00193836 /* GZWords.m */; };
		52013C021906D74F00193836 /* GZWords.m in Sources */ = {isa = PBXBuildFile; fileRef = 52013BF81906D74F00193836 /* GZWords.m */; };
		52013C031906D74F00193836 /* GZPhoneNumbers.m in Sources */ = {isa = PBXBuildFile; fileRef = 52013BFA1906D74F00193836 /* GZPhoneNumbers.m */; };
		52013C041906D74F00193836 /* GZPhoneNumbers.m in Sources */ = {isa = PBXBuildFile; fileRef = 52013BFA1906D74F00193836 /* GZPhoneNumbers.m */; };
		52013C071906DF4300193836 /* GZNamesTests.m in Sources */ = {isa = PBXBuildFile; fileRef = 52013C061906DF4300193836 /* GZNamesTests.m */; };
		52013C081906DF4300193836 /* GZNamesTests.m in Sources */ = {isa = PBXBuildFile; fileRef = 52013C061906DF4300193836 /* GZNamesTests.m */; };
		52013C0A1906DF5600193836 /* GZSetupTests.m in Sources */ = {isa = PBXBuildFile; fileRef = 52013C091906DF5600193836 /* GZSetupTests.m */; };
		52013C0B1906DF5600193836 /* GZSetupTests.m in Sources */ = {isa = PBXBuildFile; fileRef = 52013C091906DF5600193836 /* GZSetupTests.m */; };
		52013C0C1906DFFE00193836 /* GZUtilityFunctions.m in Sources */ = {isa = PBXBuildFile; fileRef = 5229CA971905EB31005F6482 /* GZUtilityFunctions.m */; };
		52013C0F1906E10000193836 /* data.json in Resources */ = {isa = PBXBuildFile; fileRef = 52013C0D1906E10000193836 /* data.json */; };
		52013C101906E10000193836 /* data.json in Resources */ = {isa = PBXBuildFile; fileRef = 52013C0D1906E10000193836 /* data.json */; };
		52013C131906E23D00193836 /* GZSequenceTests.m in Sources */ = {isa = PBXBuildFile; fileRef = 52013C121906E23D00193836 /* GZSequenceTests.m */; };
		52013C141906E23D00193836 /* GZSequenceTests.m in Sources */ = {isa = PBXBuildFile; fileRef = 52013C121906E23D00193836 /* GZSequenceTests.m */; };
		52013C1B1906E70800193836 /* GZLocations+CoreLocationExtensions.m in Sources */ = {isa = PBXBuildFile; fileRef = 52013C1A1906E70800193836 /* GZLocations+CoreLocationExtensions.m */; };
		52013C1C1906E70800193836 /* GZLocations+CoreLocationExtensions.m in Sources */ = {isa = PBXBuildFile; fileRef = 52013C1A1906E70800193836 /* GZLocations+CoreLocationExtensions.m */; };
		52013C1E1906E72C00193836 /* CoreLocation.framework in Frameworks */ = {isa = PBXBuildFile; fileRef = 52013C1D1906E72C00193836 /* CoreLocation.framework */; };
		52013C201906EA5100193836 /* GZLocationsTests.m in Sources */ = {isa = PBXBuildFile; fileRef = 52013C1F1906EA5100193836 /* GZLocationsTests.m */; };
		52013C211906EA5100193836 /* GZLocationsTests.m in Sources */ = {isa = PBXBuildFile; fileRef = 52013C1F1906EA5100193836 /* GZLocationsTests.m */; };
		52013C231906EA6100193836 /* GZInternetTests.m in Sources */ = {isa = PBXBuildFile; fileRef = 52013C221906EA6100193836 /* GZInternetTests.m */; };
		52013C241906EA6100193836 /* GZInternetTests.m in Sources */ = {isa = PBXBuildFile; fileRef = 52013C221906EA6100193836 /* GZInternetTests.m */; };
		52013C261906EA6E00193836 /* GZWordsTests.m in Sources */ = {isa = PBXBuildFile; fileRef = 52013C251906EA6E00193836 /* GZWordsTests.m */; };
		52013C271906EA6E00193836 /* GZWordsTests.m in Sources */ = {isa = PBXBuildFile; fileRef = 52013C251906EA6E00193836 /* GZWordsTests.m */; };
		52013C291906EA7B00193836 /* GZPhoneNumbersTests.m in Sources */ = {isa = PBXBuildFile; fileRef = 52013C281906EA7B00193836 /* GZPhoneNumbersTests.m */; };
		52013C2A1906EA7B00193836 /* GZPhoneNumbersTests.m in Sources */ = {isa = PBXBuildFile; fileRef = 52013C281906EA7B00193836 /* GZPhoneNumbersTests.m */; };
		5229CA981905EB31005F6482 /* GZUtilityFunctions.m in Sources */ = {isa = PBXBuildFile; fileRef = 5229CA971905EB31005F6482 /* GZUtilityFunctions.m */; };
		524E7150190105F9009D0D98 /* XCTest.framework in Frameworks */ = {isa = PBXBuildFile; fileRef = 524E714F190105F9009D0D98 /* XCTest.framework */; };
		524E715A190105F9009D0D98 /* InfoPlist.strings in Resources */ = {isa = PBXBuildFile; fileRef = 524E7158190105F9009D0D98 /* InfoPlist.strings */; };
		524E717A1901062D009D0D98 /* XCTest.framework in Frameworks */ = {isa = PBXBuildFile; fileRef = 524E714F190105F9009D0D98 /* XCTest.framework */; };
		524E71801901062D009D0D98 /* InfoPlist.strings in Resources */ = {isa = PBXBuildFile; fileRef = 524E717E1901062D009D0D98 /* InfoPlist.strings */; };
		524E71961901C20E009D0D98 /* GZDataManager.m in Sources */ = {isa = PBXBuildFile; fileRef = 524E718D1901C20E009D0D98 /* GZDataManager.m */; };
		524E71971901C20E009D0D98 /* GZDataManager.m in Sources */ = {isa = PBXBuildFile; fileRef = 524E718D1901C20E009D0D98 /* GZDataManager.m */; };
		524E719B1901C232009D0D98 /* UIKit.framework in Frameworks */ = {isa = PBXBuildFile; fileRef = 524E719A1901C232009D0D98 /* UIKit.framework */; };
		524E719D1901C238009D0D98 /* Foundation.framework in Frameworks */ = {isa = PBXBuildFile; fileRef = 524E719C1901C238009D0D98 /* Foundation.framework */; };
/* End PBXBuildFile section */

/* Begin PBXFileReference section */
		52013B6F1906C50600193836 /* CoreFoundation.framework */ = {isa = PBXFileReference; lastKnownFileType = wrapper.framework; name = CoreFoundation.framework; path = System/Library/Frameworks/CoreFoundation.framework; sourceTree = SDKROOT; };
		52013BE11906CF2700193836 /* NSString+GZStrings.h */ = {isa = PBXFileReference; fileEncoding = 4; lastKnownFileType = sourcecode.c.h; name = "NSString+GZStrings.h"; path = "Classes/NSString+GZStrings.h"; sourceTree = "<group>"; };
		52013BE21906CF2700193836 /* NSString+GZStrings.m */ = {isa = PBXFileReference; fileEncoding = 4; lastKnownFileType = sourcecode.c.objc; name = "NSString+GZStrings.m"; path = "Classes/NSString+GZStrings.m"; sourceTree = "<group>"; };
		52013BE51906CF3700193836 /* UIImage+GZImages.h */ = {isa = PBXFileReference; fileEncoding = 4; lastKnownFileType = sourcecode.c.h; path = "UIImage+GZImages.h"; sourceTree = "<group>"; };
		52013BE61906CF3700193836 /* UIImage+GZImages.m */ = {isa = PBXFileReference; fileEncoding = 4; lastKnownFileType = sourcecode.c.objc; path = "UIImage+GZImages.m"; sourceTree = "<group>"; };
		52013BE91906D2EE00193836 /* GZConstants.h */ = {isa = PBXFileReference; fileEncoding = 4; lastKnownFileType = sourcecode.c.h; name = GZConstants.h; path = ../GZConstants.h; sourceTree = "<group>"; };
		52013BEA1906D2EE00193836 /* GZConstants.m */ = {isa = PBXFileReference; fileEncoding = 4; lastKnownFileType = sourcecode.c.objc; name = GZConstants.m; path = ../GZConstants.m; sourceTree = "<group>"; };
		52013BED1906D40200193836 /* GZDataManager+GZPrivateDataRequests.h */ = {isa = PBXFileReference; fileEncoding = 4; lastKnownFileType = sourcecode.c.h; name = "GZDataManager+GZPrivateDataRequests.h"; path = "../GZDataManager+GZPrivateDataRequests.h"; sourceTree = "<group>"; };
		52013BEE1906D40200193836 /* GZDataManager+GZPrivateDataRequests.m */ = {isa = PBXFileReference; fileEncoding = 4; lastKnownFileType = sourcecode.c.objc; name = "GZDataManager+GZPrivateDataRequests.m"; path = "../GZDataManager+GZPrivateDataRequests.m"; sourceTree = "<group>"; };
		52013BF11906D74F00193836 /* GZNames.h */ = {isa = PBXFileReference; fileEncoding = 4; lastKnownFileType = sourcecode.c.h; name = GZNames.h; path = ../Classes/GZNames.h; sourceTree = "<group>"; };
		52013BF21906D74F00193836 /* GZNames.m */ = {isa = PBXFileReference; fileEncoding = 4; lastKnownFileType = sourcecode.c.objc; name = GZNames.m; path = ../Classes/GZNames.m; sourceTree = "<group>"; };
		52013BF31906D74F00193836 /* GZLocations.h */ = {isa = PBXFileReference; fileEncoding = 4; lastKnownFileType = sourcecode.c.h; name = GZLocations.h; path = ../Classes/GZLocations.h; sourceTree = "<group>"; };
		52013BF41906D74F00193836 /* GZLocations.m */ = {isa = PBXFileReference; fileEncoding = 4; lastKnownFileType = sourcecode.c.objc; name = GZLocations.m; path = ../Classes/GZLocations.m; sourceTree = "<group>"; };
		52013BF51906D74F00193836 /* GZInternet.h */ = {isa = PBXFileReference; fileEncoding = 4; lastKnownFileType = sourcecode.c.h; name = GZInternet.h; path = ../Classes/GZInternet.h; sourceTree = "<group>"; };
		52013BF61906D74F00193836 /* GZInternet.m */ = {isa = PBXFileReference; fileEncoding = 4; lastKnownFileType = sourcecode.c.objc; name = GZInternet.m; path = ../Classes/GZInternet.m; sourceTree = "<group>"; };
		52013BF71906D74F00193836 /* GZWords.h */ = {isa = PBXFileReference; fileEncoding = 4; lastKnownFileType = sourcecode.c.h; name = GZWords.h; path = ../Classes/GZWords.h; sourceTree = "<group>"; };
		52013BF81906D74F00193836 /* GZWords.m */ = {isa = PBXFileReference; fileEncoding = 4; lastKnownFileType = sourcecode.c.objc; name = GZWords.m; path = ../Classes/GZWords.m; sourceTree = "<group>"; };
		52013BF91906D74F00193836 /* GZPhoneNumbers.h */ = {isa = PBXFileReference; fileEncoding = 4; lastKnownFileType = sourcecode.c.h; name = GZPhoneNumbers.h; path = ../Classes/GZPhoneNumbers.h; sourceTree = "<group>"; };
		52013BFA1906D74F00193836 /* GZPhoneNumbers.m */ = {isa = PBXFileReference; fileEncoding = 4; lastKnownFileType = sourcecode.c.objc; name = GZPhoneNumbers.m; path = ../Classes/GZPhoneNumbers.m; sourceTree = "<group>"; };
		52013C061906DF4300193836 /* GZNamesTests.m */ = {isa = PBXFileReference; fileEncoding = 4; lastKnownFileType = sourcecode.c.objc; path = GZNamesTests.m; sourceTree = "<group>"; };
		52013C091906DF5600193836 /* GZSetupTests.m */ = {isa = PBXFileReference; fileEncoding = 4; lastKnownFileType = sourcecode.c.objc; path = GZSetupTests.m; sourceTree = "<group>"; };
		52013C0D1906E10000193836 /* data.json */ = {isa = PBXFileReference; fileEncoding = 4; lastKnownFileType = text.json; path = data.json; sourceTree = "<group>"; };
		52013C121906E23D00193836 /* GZSequenceTests.m */ = {isa = PBXFileReference; fileEncoding = 4; lastKnownFileType = sourcecode.c.objc; path = GZSequenceTests.m; sourceTree = "<group>"; };
		52013C191906E70800193836 /* GZLocations+CoreLocationExtensions.h */ = {isa = PBXFileReference; fileEncoding = 4; lastKnownFileType = sourcecode.c.h; path = "GZLocations+CoreLocationExtensions.h"; sourceTree = "<group>"; };
		52013C1A1906E70800193836 /* GZLocations+CoreLocationExtensions.m */ = {isa = PBXFileReference; fileEncoding = 4; lastKnownFileType = sourcecode.c.objc; path = "GZLocations+CoreLocationExtensions.m"; sourceTree = "<group>"; };
		52013C1D1906E72C00193836 /* CoreLocation.framework */ = {isa = PBXFileReference; lastKnownFileType = wrapper.framework; name = CoreLocation.framework; path = Platforms/iPhoneOS.platform/Developer/SDKs/iPhoneOS7.1.sdk/System/Library/Frameworks/CoreLocation.framework; sourceTree = DEVELOPER_DIR; };
		52013C1F1906EA5100193836 /* GZLocationsTests.m */ = {isa = PBXFileReference; fileEncoding = 4; lastKnownFileType = sourcecode.c.objc; path = GZLocationsTests.m; sourceTree = "<group>"; };
		52013C221906EA6100193836 /* GZInternetTests.m */ = {isa = PBXFileReference; fileEncoding = 4; lastKnownFileType = sourcecode.c.objc; path = GZInternetTests.m; sourceTree = "<group>"; };
		52013C251906EA6E00193836 /* GZWordsTests.m */ = {isa = PBXFileReference; fileEncoding = 4; lastKnownFileType = sourcecode.c.objc; path = GZWordsTests.m; sourceTree = "<group>"; };
		52013C281906EA7B00193836 /* GZPhoneNumbersTests.m */ = {isa = PBXFileReference; fileEncoding = 4; lastKnownFileType = sourcecode.c.objc; path = GZPhoneNumbersTests.m; sourceTree = "<group>"; };
		5229CA961905EB31005F6482 /* GZUtilityFunctions.h */ = {isa = PBXFileReference; fileEncoding = 4; lastKnownFileType = sourcecode.c.h; name = GZUtilityFunctions.h; path = ../Classes/Private/GZUtilityFunctions.h; sourceTree = "<group>"; };
		5229CA971905EB31005F6482 /* GZUtilityFunctions.m */ = {isa = PBXFileReference; fileEncoding = 4; lastKnownFileType = sourcecode.c.objc; name = GZUtilityFunctions.m; path = ../Classes/Private/GZUtilityFunctions.m; sourceTree = "<group>"; };
		524E714C190105F9009D0D98 /* GizouTestsiOS.xctest */ = {isa = PBXFileReference; explicitFileType = wrapper.cfbundle; includeInIndex = 0; path = GizouTestsiOS.xctest; sourceTree = BUILT_PRODUCTS_DIR; };
		524E714F190105F9009D0D98 /* XCTest.framework */ = {isa = PBXFileReference; lastKnownFileType = wrapper.framework; name = XCTest.framework; path = Library/Frameworks/XCTest.framework; sourceTree = DEVELOPER_DIR; };
		524E7157190105F9009D0D98 /* GizouTestsiOS-Info.plist */ = {isa = PBXFileReference; lastKnownFileType = text.plist.xml; path = "GizouTestsiOS-Info.plist"; sourceTree = "<group>"; };
		524E7159190105F9009D0D98 /* en */ = {isa = PBXFileReference; lastKnownFileType = text.plist.strings; name = en; path = en.lproj/InfoPlist.strings; sourceTree = "<group>"; };
		524E715D190105F9009D0D98 /* GizouTestsiOS-Prefix.pch */ = {isa = PBXFileReference; lastKnownFileType = sourcecode.c.h; path = "GizouTestsiOS-Prefix.pch"; sourceTree = "<group>"; };
		524E71791901062D009D0D98 /* GizouTestsOSX.xctest */ = {isa = PBXFileReference; explicitFileType = wrapper.cfbundle; includeInIndex = 0; path = GizouTestsOSX.xctest; sourceTree = BUILT_PRODUCTS_DIR; };
		524E717D1901062D009D0D98 /* GizouTestsOSX-Info.plist */ = {isa = PBXFileReference; lastKnownFileType = text.plist.xml; path = "GizouTestsOSX-Info.plist"; sourceTree = "<group>"; };
		524E717F1901062D009D0D98 /* en */ = {isa = PBXFileReference; lastKnownFileType = text.plist.strings; name = en; path = en.lproj/InfoPlist.strings; sourceTree = "<group>"; };
		524E71831901062D009D0D98 /* GizouTestsOSX-Prefix.pch */ = {isa = PBXFileReference; lastKnownFileType = sourcecode.c.h; path = "GizouTestsOSX-Prefix.pch"; sourceTree = "<group>"; };
		524E718B1901C20E009D0D98 /* Gizou.h */ = {isa = PBXFileReference; fileEncoding = 4; lastKnownFileType = sourcecode.c.h; name = Gizou.h; path = ../Classes/Gizou.h; sourceTree = "<group>"; };
		524E718C1901C20E009D0D98 /* GZDataManager.h */ = {isa = PBXFileReference; fileEncoding = 4; lastKnownFileType = sourcecode.c.h; name = GZDataManager.h; path = ../Classes/GZDataManager.h; sourceTree = "<group>"; };
		524E718D1901C20E009D0D98 /* GZDataManager.m */ = {isa = PBXFileReference; fileEncoding = 4; lastKnownFileType = sourcecode.c.objc; name = GZDataManager.m; path = ../Classes/GZDataManager.m; sourceTree = "<group>"; };
		524E719A1901C232009D0D98 /* UIKit.framework */ = {isa = PBXFileReference; lastKnownFileType = wrapper.framework; name = UIKit.framework; path = Platforms/iPhoneOS.platform/Developer/SDKs/iPhoneOS7.1.sdk/System/Library/Frameworks/UIKit.framework; sourceTree = DEVELOPER_DIR; };
		524E719C1901C238009D0D98 /* Foundation.framework */ = {isa = PBXFileReference; lastKnownFileType = wrapper.framework; name = Foundation.framework; path = Platforms/iPhoneOS.platform/Developer/SDKs/iPhoneOS7.1.sdk/System/Library/Frameworks/Foundation.framework; sourceTree = DEVELOPER_DIR; };
/* End PBXFileReference section */

/* Begin PBXFrameworksBuildPhase section */
		524E7149190105F9009D0D98 /* Frameworks */ = {
			isa = PBXFrameworksBuildPhase;
			buildActionMask = 2147483647;
			files = (
				52013C1E1906E72C00193836 /* CoreLocation.framework in Frameworks */,
				524E719D1901C238009D0D98 /* Foundation.framework in Frameworks */,
				524E719B1901C232009D0D98 /* UIKit.framework in Frameworks */,
				524E7150190105F9009D0D98 /* XCTest.framework in Frameworks */,
			);
			runOnlyForDeploymentPostprocessing = 0;
		};
		524E71761901062D009D0D98 /* Frameworks */ = {
			isa = PBXFrameworksBuildPhase;
			buildActionMask = 2147483647;
			files = (
				524E717A1901062D009D0D98 /* XCTest.framework in Frameworks */,
			);
			runOnlyForDeploymentPostprocessing = 0;
		};
/* End PBXFrameworksBuildPhase section */

/* Begin PBXGroup section */
		52013C051906DF2900193836 /* Tests */ = {
			isa = PBXGroup;
			children = (
				52013C061906DF4300193836 /* GZNamesTests.m */,
				52013C091906DF5600193836 /* GZSetupTests.m */,
				52013C121906E23D00193836 /* GZSequenceTests.m */,
				52013C1F1906EA5100193836 /* GZLocationsTests.m */,
				52013C221906EA6100193836 /* GZInternetTests.m */,
				52013C251906EA6E00193836 /* GZWordsTests.m */,
				52013C281906EA7B00193836 /* GZPhoneNumbersTests.m */,
			);
			name = Tests;
			sourceTree = "<group>";
		};
		52013C0E1906E10000193836 /* Assets */ = {
			isa = PBXGroup;
			children = (
				52013C0D1906E10000193836 /* data.json */,
			);
			name = Assets;
			path = /Users/john/Code/Gizou/Classes/../Assets;
			sourceTree = "<absolute>";
		};
		5229CA951905EB28005F6482 /* Private */ = {
			isa = PBXGroup;
			children = (
				5229CA961905EB31005F6482 /* GZUtilityFunctions.h */,
				5229CA971905EB31005F6482 /* GZUtilityFunctions.m */,
				52013BE91906D2EE00193836 /* GZConstants.h */,
				52013BEA1906D2EE00193836 /* GZConstants.m */,
				52013BED1906D40200193836 /* GZDataManager+GZPrivateDataRequests.h */,
				52013BEE1906D40200193836 /* GZDataManager+GZPrivateDataRequests.m */,
			);
			name = Private;
			sourceTree = "<group>";
		};
		524E7141190105D3009D0D98 = {
			isa = PBXGroup;
			children = (
				52013C051906DF2900193836 /* Tests */,
				524E7155190105F9009D0D98 /* GizouTestsiOS */,
				524E717B1901062D009D0D98 /* GizouTestsOSX */,
				524E714E190105F9009D0D98 /* Frameworks */,
				524E71871901C202009D0D98 /* Vendor */,
				524E714D190105F9009D0D98 /* Products */,
			);
			sourceTree = "<group>";
		};
		524E714D190105F9009D0D98 /* Products */ = {
			isa = PBXGroup;
			children = (
				524E714C190105F9009D0D98 /* GizouTestsiOS.xctest */,
				524E71791901062D009D0D98 /* GizouTestsOSX.xctest */,
			);
			name = Products;
			sourceTree = "<group>";
		};
		524E714E190105F9009D0D98 /* Frameworks */ = {
			isa = PBXGroup;
			children = (
				52013C1D1906E72C00193836 /* CoreLocation.framework */,
				524E719C1901C238009D0D98 /* Foundation.framework */,
				524E719A1901C232009D0D98 /* UIKit.framework */,
				524E714F190105F9009D0D98 /* XCTest.framework */,
				52013B6F1906C50600193836 /* CoreFoundation.framework */,
			);
			name = Frameworks;
			sourceTree = "<group>";
		};
		524E7155190105F9009D0D98 /* GizouTestsiOS */ = {
			isa = PBXGroup;
			children = (
				524E7156190105F9009D0D98 /* Supporting Files */,
			);
			path = GizouTestsiOS;
			sourceTree = "<group>";
		};
		524E7156190105F9009D0D98 /* Supporting Files */ = {
			isa = PBXGroup;
			children = (
				524E7157190105F9009D0D98 /* GizouTestsiOS-Info.plist */,
				524E7158190105F9009D0D98 /* InfoPlist.strings */,
				524E715D190105F9009D0D98 /* GizouTestsiOS-Prefix.pch */,
			);
			name = "Supporting Files";
			sourceTree = "<group>";
		};
		524E717B1901062D009D0D98 /* GizouTestsOSX */ = {
			isa = PBXGroup;
			children = (
				524E717C1901062D009D0D98 /* Supporting Files */,
			);
			path = GizouTestsOSX;
			sourceTree = "<group>";
		};
		524E717C1901062D009D0D98 /* Supporting Files */ = {
			isa = PBXGroup;
			children = (
				524E717D1901062D009D0D98 /* GizouTestsOSX-Info.plist */,
				524E717E1901062D009D0D98 /* InfoPlist.strings */,
				524E71831901062D009D0D98 /* GizouTestsOSX-Prefix.pch */,
			);
			name = "Supporting Files";
			sourceTree = "<group>";
		};
		524E71871901C202009D0D98 /* Vendor */ = {
			isa = PBXGroup;
			children = (
				52013C0E1906E10000193836 /* Assets */,
				5229CA951905EB28005F6482 /* Private */,
				524E718A1901C20E009D0D98 /* Categories */,
				524E718B1901C20E009D0D98 /* Gizou.h */,
				524E718C1901C20E009D0D98 /* GZDataManager.h */,
				524E718D1901C20E009D0D98 /* GZDataManager.m */,
				52013BF11906D74F00193836 /* GZNames.h */,
				52013BF21906D74F00193836 /* GZNames.m */,
				52013BF31906D74F00193836 /* GZLocations.h */,
				52013BF41906D74F00193836 /* GZLocations.m */,
				52013BF51906D74F00193836 /* GZInternet.h */,
				52013BF61906D74F00193836 /* GZInternet.m */,
				52013BF71906D74F00193836 /* GZWords.h */,
				52013BF81906D74F00193836 /* GZWords.m */,
				52013BF91906D74F00193836 /* GZPhoneNumbers.h */,
				52013BFA1906D74F00193836 /* GZPhoneNumbers.m */,
				524E71911901C20E009D0D98 /* ios */,
				524E71931901C20E009D0D98 /* osx */,
			);
			name = Vendor;
			sourceTree = "<group>";
		};
		524E718A1901C20E009D0D98 /* Categories */ = {
			isa = PBXGroup;
			children = (
				52013BE11906CF2700193836 /* NSString+GZStrings.h */,
				52013BE21906CF2700193836 /* NSString+GZStrings.m */,
				52013C191906E70800193836 /* GZLocations+CoreLocationExtensions.h */,
				52013C1A1906E70800193836 /* GZLocations+CoreLocationExtensions.m */,
			);
			name = Categories;
			path = ..;
			sourceTree = "<group>";
		};
		524E71911901C20E009D0D98 /* ios */ = {
			isa = PBXGroup;
			children = (
				52013BE51906CF3700193836 /* UIImage+GZImages.h */,
				52013BE61906CF3700193836 /* UIImage+GZImages.m */,
			);
			name = ios;
			path = ../Classes/ios;
			sourceTree = "<group>";
		};
		524E71931901C20E009D0D98 /* osx */ = {
			isa = PBXGroup;
			children = (
			);
			name = osx;
			path = ../Classes/osx;
			sourceTree = "<group>";
		};
/* End PBXGroup section */

/* Begin PBXNativeTarget section */
		524E714B190105F9009D0D98 /* GizouTestsiOS */ = {
			isa = PBXNativeTarget;
			buildConfigurationList = 524E715E190105F9009D0D98 /* Build configuration list for PBXNativeTarget "GizouTestsiOS" */;
			buildPhases = (
				524E7148190105F9009D0D98 /* Sources */,
				524E7149190105F9009D0D98 /* Frameworks */,
				524E714A190105F9009D0D98 /* Resources */,
			);
			buildRules = (
			);
			dependencies = (
			);
			name = GizouTestsiOS;
			productName = GizouTestsiOS;
			productReference = 524E714C190105F9009D0D98 /* GizouTestsiOS.xctest */;
			productType = "com.apple.product-type.bundle.unit-test";
		};
		524E71781901062D009D0D98 /* GizouTestsOSX */ = {
			isa = PBXNativeTarget;
			buildConfigurationList = 524E71841901062D009D0D98 /* Build configuration list for PBXNativeTarget "GizouTestsOSX" */;
			buildPhases = (
				524E71751901062D009D0D98 /* Sources */,
				524E71761901062D009D0D98 /* Frameworks */,
				524E71771901062D009D0D98 /* Resources */,
			);
			buildRules = (
			);
			dependencies = (
			);
			name = GizouTestsOSX;
			productName = GizouTestsOSX;
			productReference = 524E71791901062D009D0D98 /* GizouTestsOSX.xctest */;
			productType = "com.apple.product-type.bundle.unit-test";
		};
/* End PBXNativeTarget section */

/* Begin PBXProject section */
		524E7142190105D3009D0D98 /* Project object */ = {
			isa = PBXProject;
			attributes = {
				LastUpgradeCheck = 0510;
			};
			buildConfigurationList = 524E7145190105D3009D0D98 /* Build configuration list for PBXProject "GizouTests" */;
			compatibilityVersion = "Xcode 3.2";
			developmentRegion = English;
			hasScannedForEncodings = 0;
			knownRegions = (
				en,
			);
			mainGroup = 524E7141190105D3009D0D98;
			productRefGroup = 524E714D190105F9009D0D98 /* Products */;
			projectDirPath = "";
			projectRoot = "";
			targets = (
				524E714B190105F9009D0D98 /* GizouTestsiOS */,
				524E71781901062D009D0D98 /* GizouTestsOSX */,
			);
		};
/* End PBXProject section */

/* Begin PBXResourcesBuildPhase section */
		524E714A190105F9009D0D98 /* Resources */ = {
			isa = PBXResourcesBuildPhase;
			buildActionMask = 2147483647;
			files = (
				524E715A190105F9009D0D98 /* InfoPlist.strings in Resources */,
				52013C0F1906E10000193836 /* data.json in Resources */,
			);
			runOnlyForDeploymentPostprocessing = 0;
		};
		524E71771901062D009D0D98 /* Resources */ = {
			isa = PBXResourcesBuildPhase;
			buildActionMask = 2147483647;
			files = (
				524E71801901062D009D0D98 /* InfoPlist.strings in Resources */,
				52013C101906E10000193836 /* data.json in Resources */,
			);
			runOnlyForDeploymentPostprocessing = 0;
		};
/* End PBXResourcesBuildPhase section */

/* Begin PBXSourcesBuildPhase section */
		524E7148190105F9009D0D98 /* Sources */ = {
			isa = PBXSourcesBuildPhase;
			buildActionMask = 2147483647;
			files = (
				52013BE71906CF3700193836 /* UIImage+GZImages.m in Sources */,
				52013C131906E23D00193836 /* GZSequenceTests.m in Sources */,
				52013C1B1906E70800193836 /* GZLocations+CoreLocationExtensions.m in Sources */,
				52013C231906EA6100193836 /* GZInternetTests.m in Sources */,
				52013BFB1906D74F00193836 /* GZNames.m in Sources */,
				52013BEF1906D40200193836 /* GZDataManager+GZPrivateDataRequests.m in Sources */,
				5229CA981905EB31005F6482 /* GZUtilityFunctions.m in Sources */,
				524E71961901C20E009D0D98 /* GZDataManager.m in Sources */,
				52013C261906EA6E00193836 /* GZWordsTests.m in Sources */,
				52013C031906D74F00193836 /* GZPhoneNumbers.m in Sources */,
				52013C291906EA7B00193836 /* GZPhoneNumbersTests.m in Sources */,
				52013BEB1906D2EE00193836 /* GZConstants.m in Sources */,
				52013C011906D74F00193836 /* GZWords.m in Sources */,
				52013BFF1906D74F00193836 /* GZInternet.m in Sources */,
				52013BFD1906D74F00193836 /* GZLocations.m in Sources */,
				52013BE31906CF2700193836 /* NSString+GZStrings.m in Sources */,
				52013C201906EA5100193836 /* GZLocationsTests.m in Sources */,
				52013C0A1906DF5600193836 /* GZSetupTests.m in Sources */,
				52013C071906DF4300193836 /* GZNamesTests.m in Sources */,
			);
			runOnlyForDeploymentPostprocessing = 0;
		};
		524E71751901062D009D0D98 /* Sources */ = {
			isa = PBXSourcesBuildPhase;
			buildActionMask = 2147483647;
			files = (
				52013C271906EA6E00193836 /* GZWordsTests.m in Sources */,
				52013BE41906CF2700193836 /* NSString+GZStrings.m in Sources */,
				52013C0B1906DF5600193836 /* GZSetupTests.m in Sources */,
				52013C001906D74F00193836 /* GZInternet.m in Sources */,
				52013BF01906D40200193836 /* GZDataManager+GZPrivateDataRequests.m in Sources */,
				52013C081906DF4300193836 /* GZNamesTests.m in Sources */,
				52013BFE1906D74F00193836 /* GZLocations.m in Sources */,
				52013BEC1906D2EE00193836 /* GZConstants.m in Sources */,
				52013C1C1906E70800193836 /* GZLocations+CoreLocationExtensions.m in Sources */,
				52013C0C1906DFFE00193836 /* GZUtilityFunctions.m in Sources */,
				52013C241906EA6100193836 /* GZInternetTests.m in Sources */,
				52013C041906D74F00193836 /* GZPhoneNumbers.m in Sources */,
				524E71971901C20E009D0D98 /* GZDataManager.m in Sources */,
				52013BFC1906D74F00193836 /* GZNames.m in Sources */,
				52013C2A1906EA7B00193836 /* GZPhoneNumbersTests.m in Sources */,
				52013C021906D74F00193836 /* GZWords.m in Sources */,
				52013C211906EA5100193836 /* GZLocationsTests.m in Sources */,
				52013C141906E23D00193836 /* GZSequenceTests.m in Sources */,
			);
			runOnlyForDeploymentPostprocessing = 0;
		};
/* End PBXSourcesBuildPhase section */

/* Begin PBXVariantGroup section */
		524E7158190105F9009D0D98 /* InfoPlist.strings */ = {
			isa = PBXVariantGroup;
			children = (
				524E7159190105F9009D0D98 /* en */,
			);
			name = InfoPlist.strings;
			sourceTree = "<group>";
		};
		524E717E1901062D009D0D98 /* InfoPlist.strings */ = {
			isa = PBXVariantGroup;
			children = (
				524E717F1901062D009D0D98 /* en */,
			);
			name = InfoPlist.strings;
			sourceTree = "<group>";
		};
/* End PBXVariantGroup section */

/* Begin XCBuildConfiguration section */
		524E7146190105D3009D0D98 /* Debug */ = {
			isa = XCBuildConfiguration;
			buildSettings = {
			};
			name = Debug;
		};
		524E7147190105D3009D0D98 /* Release */ = {
			isa = XCBuildConfiguration;
			buildSettings = {
			};
			name = Release;
		};
		524E715F190105F9009D0D98 /* Debug */ = {
			isa = XCBuildConfiguration;
			buildSettings = {
				ALWAYS_SEARCH_USER_PATHS = NO;
				CLANG_CXX_LANGUAGE_STANDARD = "gnu++0x";
				CLANG_CXX_LIBRARY = "libc++";
				CLANG_ENABLE_MODULES = YES;
				CLANG_ENABLE_OBJC_ARC = YES;
				CLANG_WARN_BOOL_CONVERSION = YES;
				CLANG_WARN_CONSTANT_CONVERSION = YES;
				CLANG_WARN_DIRECT_OBJC_ISA_USAGE = YES_ERROR;
				CLANG_WARN_EMPTY_BODY = YES;
				CLANG_WARN_ENUM_CONVERSION = YES;
				CLANG_WARN_INT_CONVERSION = YES;
				CLANG_WARN_OBJC_ROOT_CLASS = YES_ERROR;
				CLANG_WARN__DUPLICATE_METHOD_MATCH = YES;
				COPY_PHASE_STRIP = NO;
				FRAMEWORK_SEARCH_PATHS = (
					"$(SDKROOT)/Developer/Library/Frameworks",
					"$(inherited)",
					"$(DEVELOPER_FRAMEWORKS_DIR)",
				);
				GCC_C_LANGUAGE_STANDARD = gnu99;
				GCC_DYNAMIC_NO_PIC = NO;
				GCC_OPTIMIZATION_LEVEL = 0;
				GCC_PRECOMPILE_PREFIX_HEADER = YES;
				GCC_PREFIX_HEADER = "GizouTestsiOS/GizouTestsiOS-Prefix.pch";
				GCC_PREPROCESSOR_DEFINITIONS = (
					"DEBUG=1",
					"$(inherited)",
				);
				GCC_SYMBOLS_PRIVATE_EXTERN = NO;
				GCC_WARN_64_TO_32_BIT_CONVERSION = YES;
				GCC_WARN_ABOUT_RETURN_TYPE = YES_ERROR;
				GCC_WARN_UNDECLARED_SELECTOR = YES;
				GCC_WARN_UNINITIALIZED_AUTOS = YES_AGGRESSIVE;
				GCC_WARN_UNUSED_FUNCTION = YES;
				GCC_WARN_UNUSED_VARIABLE = YES;
				INFOPLIST_FILE = "GizouTestsiOS/GizouTestsiOS-Info.plist";
				IPHONEOS_DEPLOYMENT_TARGET = 7.1;
				ONLY_ACTIVE_ARCH = YES;
				PRODUCT_NAME = "$(TARGET_NAME)";
				SDKROOT = iphoneos;
				WRAPPER_EXTENSION = xctest;
			};
			name = Debug;
		};
		524E7160190105F9009D0D98 /* Release */ = {
			isa = XCBuildConfiguration;
			buildSettings = {
				ALWAYS_SEARCH_USER_PATHS = NO;
				CLANG_CXX_LANGUAGE_STANDARD = "gnu++0x";
				CLANG_CXX_LIBRARY = "libc++";
				CLANG_ENABLE_MODULES = YES;
				CLANG_ENABLE_OBJC_ARC = YES;
				CLANG_WARN_BOOL_CONVERSION = YES;
				CLANG_WARN_CONSTANT_CONVERSION = YES;
				CLANG_WARN_DIRECT_OBJC_ISA_USAGE = YES_ERROR;
				CLANG_WARN_EMPTY_BODY = YES;
				CLANG_WARN_ENUM_CONVERSION = YES;
				CLANG_WARN_INT_CONVERSION = YES;
				CLANG_WARN_OBJC_ROOT_CLASS = YES_ERROR;
				CLANG_WARN__DUPLICATE_METHOD_MATCH = YES;
				COPY_PHASE_STRIP = YES;
				ENABLE_NS_ASSERTIONS = NO;
				FRAMEWORK_SEARCH_PATHS = (
					"$(SDKROOT)/Developer/Library/Frameworks",
					"$(inherited)",
					"$(DEVELOPER_FRAMEWORKS_DIR)",
				);
				GCC_C_LANGUAGE_STANDARD = gnu99;
				GCC_PRECOMPILE_PREFIX_HEADER = YES;
				GCC_PREFIX_HEADER = "GizouTestsiOS/GizouTestsiOS-Prefix.pch";
				GCC_WARN_64_TO_32_BIT_CONVERSION = YES;
				GCC_WARN_ABOUT_RETURN_TYPE = YES_ERROR;
				GCC_WARN_UNDECLARED_SELECTOR = YES;
				GCC_WARN_UNINITIALIZED_AUTOS = YES_AGGRESSIVE;
				GCC_WARN_UNUSED_FUNCTION = YES;
				GCC_WARN_UNUSED_VARIABLE = YES;
				INFOPLIST_FILE = "GizouTestsiOS/GizouTestsiOS-Info.plist";
				IPHONEOS_DEPLOYMENT_TARGET = 7.1;
				PRODUCT_NAME = "$(TARGET_NAME)";
				SDKROOT = iphoneos;
				VALIDATE_PRODUCT = YES;
				WRAPPER_EXTENSION = xctest;
			};
			name = Release;
		};
		524E71851901062D009D0D98 /* Debug */ = {
			isa = XCBuildConfiguration;
			buildSettings = {
				ALWAYS_SEARCH_USER_PATHS = NO;
				CLANG_CXX_LANGUAGE_STANDARD = "gnu++0x";
				CLANG_CXX_LIBRARY = "libc++";
				CLANG_ENABLE_MODULES = YES;
				CLANG_ENABLE_OBJC_ARC = YES;
				CLANG_WARN_BOOL_CONVERSION = YES;
				CLANG_WARN_CONSTANT_CONVERSION = YES;
				CLANG_WARN_DIRECT_OBJC_ISA_USAGE = YES_ERROR;
				CLANG_WARN_EMPTY_BODY = YES;
				CLANG_WARN_ENUM_CONVERSION = YES;
				CLANG_WARN_INT_CONVERSION = YES;
				CLANG_WARN_OBJC_ROOT_CLASS = YES_ERROR;
				CLANG_WARN__DUPLICATE_METHOD_MATCH = YES;
				COPY_PHASE_STRIP = NO;
				FRAMEWORK_SEARCH_PATHS = (
					"$(DEVELOPER_FRAMEWORKS_DIR)",
					"$(inherited)",
				);
				GCC_C_LANGUAGE_STANDARD = gnu99;
				GCC_DYNAMIC_NO_PIC = NO;
				GCC_ENABLE_OBJC_EXCEPTIONS = YES;
				GCC_OPTIMIZATION_LEVEL = 0;
				GCC_PRECOMPILE_PREFIX_HEADER = YES;
				GCC_PREFIX_HEADER = "GizouTestsOSX/GizouTestsOSX-Prefix.pch";
				GCC_PREPROCESSOR_DEFINITIONS = (
					"DEBUG=1",
					"$(inherited)",
				);
				GCC_SYMBOLS_PRIVATE_EXTERN = NO;
				GCC_WARN_64_TO_32_BIT_CONVERSION = YES;
				GCC_WARN_ABOUT_RETURN_TYPE = YES_ERROR;
				GCC_WARN_UNDECLARED_SELECTOR = YES;
				GCC_WARN_UNINITIALIZED_AUTOS = YES_AGGRESSIVE;
				GCC_WARN_UNUSED_FUNCTION = YES;
				GCC_WARN_UNUSED_VARIABLE = YES;
				INFOPLIST_FILE = "GizouTestsOSX/GizouTestsOSX-Info.plist";
				MACOSX_DEPLOYMENT_TARGET = 10.9;
				ONLY_ACTIVE_ARCH = YES;
				PRODUCT_NAME = "$(TARGET_NAME)";
				SDKROOT = macosx;
				WRAPPER_EXTENSION = xctest;
			};
			name = Debug;
		};
		524E71861901062D009D0D98 /* Release */ = {
			isa = XCBuildConfiguration;
			buildSettings = {
				ALWAYS_SEARCH_USER_PATHS = NO;
				CLANG_CXX_LANGUAGE_STANDARD = "gnu++0x";
				CLANG_CXX_LIBRARY = "libc++";
				CLANG_ENABLE_MODULES = YES;
				CLANG_ENABLE_OBJC_ARC = YES;
				CLANG_WARN_BOOL_CONVERSION = YES;
				CLANG_WARN_CONSTANT_CONVERSION = YES;
				CLANG_WARN_DIRECT_OBJC_ISA_USAGE = YES_ERROR;
				CLANG_WARN_EMPTY_BODY = YES;
				CLANG_WARN_ENUM_CONVERSION = YES;
				CLANG_WARN_INT_CONVERSION = YES;
				CLANG_WARN_OBJC_ROOT_CLASS = YES_ERROR;
				CLANG_WARN__DUPLICATE_METHOD_MATCH = YES;
				COPY_PHASE_STRIP = YES;
				DEBUG_INFORMATION_FORMAT = "dwarf-with-dsym";
				ENABLE_NS_ASSERTIONS = NO;
				FRAMEWORK_SEARCH_PATHS = (
					"$(DEVELOPER_FRAMEWORKS_DIR)",
					"$(inherited)",
				);
				GCC_C_LANGUAGE_STANDARD = gnu99;
				GCC_ENABLE_OBJC_EXCEPTIONS = YES;
				GCC_PRECOMPILE_PREFIX_HEADER = YES;
				GCC_PREFIX_HEADER = "GizouTestsOSX/GizouTestsOSX-Prefix.pch";
				GCC_WARN_64_TO_32_BIT_CONVERSION = YES;
				GCC_WARN_ABOUT_RETURN_TYPE = YES_ERROR;
				GCC_WARN_UNDECLARED_SELECTOR = YES;
				GCC_WARN_UNINITIALIZED_AUTOS = YES_AGGRESSIVE;
				GCC_WARN_UNUSED_FUNCTION = YES;
				GCC_WARN_UNUSED_VARIABLE = YES;
				INFOPLIST_FILE = "GizouTestsOSX/GizouTestsOSX-Info.plist";
				MACOSX_DEPLOYMENT_TARGET = 10.9;
				PRODUCT_NAME = "$(TARGET_NAME)";
				SDKROOT = macosx;
				WRAPPER_EXTENSION = xctest;
			};
			name = Release;
		};
/* End XCBuildConfiguration section */

/* Begin XCConfigurationList section */
		524E7145190105D3009D0D98 /* Build configuration list for PBXProject "GizouTests" */ = {
			isa = XCConfigurationList;
			buildConfigurations = (
				524E7146190105D3009D0D98 /* Debug */,
				524E7147190105D3009D0D98 /* Release */,
			);
			defaultConfigurationIsVisible = 0;
			defaultConfigurationName = Release;
		};
		524E715E190105F9009D0D98 /* Build configuration list for PBXNativeTarget "GizouTestsiOS" */ = {
			isa = XCConfigurationList;
			buildConfigurations = (
				524E715F190105F9009D0D98 /* Debug */,
				524E7160190105F9009D0D98 /* Release */,
			);
			defaultConfigurationIsVisible = 0;
			defaultConfigurationName = Release;
		};
		524E71841901062D009D0D98 /* Build configuration list for PBXNativeTarget "GizouTestsOSX" */ = {
			isa = XCConfigurationList;
			buildConfigurations = (
				524E71851901062D009D0D98 /* Debug */,
				524E71861901062D009D0D98 /* Release */,
			);
			defaultConfigurationIsVisible = 0;
			defaultConfigurationName = Release;
		};
/* End XCConfigurationList section */
	};
	rootObject = 524E7142190105D3009D0D98 /* Project object */;
}
